
Microsoft Visual Studio Solution File, Format Version 12.00
# Visual Studio Version 17
VisualStudioVersion = 17.8.34525.116
MinimumVisualStudioVersion = 10.0.40219.1
Project("{FAE04EC0-301F-11D3-BF4B-00C04F79EFBC}") = "EgorThreeProject.Server", "EgorThreeProject.Server\EgorThreeProject.Server.csproj", "{F8C3B915-E3EC-4E37-8281-EB73E786300E}"
EndProject
Project("{54A90642-561A-4BB1-A94E-469ADEE60C69}") = "egorthreeproject.client", "egorthreeproject.client\egorthreeproject.client.esproj", "{B3939416-E821-48D1-B8DA-D8C34E231FB7}"
EndProject
Global
	GlobalSection(SolutionConfigurationPlatforms) = preSolution
		Debug|Any CPU = Debug|Any CPU
		Release|Any CPU = Release|Any CPU
	EndGlobalSection
	GlobalSection(ProjectConfigurationPlatforms) = postSolution
		{F8C3B915-E3EC-4E37-8281-EB73E786300E}.Debug|Any CPU.ActiveCfg = Debug|Any CPU
		{F8C3B915-E3EC-4E37-8281-EB73E786300E}.Debug|Any CPU.Build.0 = Debug|Any CPU
		{F8C3B915-E3EC-4E37-8281-EB73E786300E}.Release|Any CPU.ActiveCfg = Release|Any CPU
		{F8C3B915-E3EC-4E37-8281-EB73E786300E}.Release|Any CPU.Build.0 = Release|Any CPU
		{B3939416-E821-48D1-B8DA-D8C34E231FB7}.Debug|Any CPU.ActiveCfg = Debug|Any CPU
		{B3939416-E821-48D1-B8DA-D8C34E231FB7}.Debug|Any CPU.Build.0 = Debug|Any CPU
		{B3939416-E821-48D1-B8DA-D8C34E231FB7}.Debug|Any CPU.Deploy.0 = Debug|Any CPU
		{B3939416-E821-48D1-B8DA-D8C34E231FB7}.Release|Any CPU.ActiveCfg = Release|Any CPU
		{B3939416-E821-48D1-B8DA-D8C34E231FB7}.Release|Any CPU.Build.0 = Release|Any CPU
		{B3939416-E821-48D1-B8DA-D8C34E231FB7}.Release|Any CPU.Deploy.0 = Release|Any CPU
	EndGlobalSection
	GlobalSection(SolutionProperties) = preSolution
		HideSolutionNode = FALSE
	EndGlobalSection
	GlobalSection(ExtensibilityGlobals) = postSolution
		SolutionGuid = {53E6DB65-003A-4778-A351-99871B238F83}
	EndGlobalSection
EndGlobal
